
Microsoft Visual Studio Solution File, Format Version 12.00
# Visual Studio Version 16
VisualStudioVersion = 16.0.32802.440
MinimumVisualStudioVersion = 10.0.40219.1
Project("{8BC9CEB8-8B4A-11D0-8D11-00A0C91BC942}") = "计算水分子的数量", "计算水分子的数量\计算水分子的数量.vcxproj", "{EEBCC76D-B57B-4A6C-BFB0-31AF6BC768EF}"
EndProject
Global
	GlobalSection(SolutionConfigurationPlatforms) = preSolution
		Debug|x64 = Debug|x64
		Debug|x86 = Debug|x86
		Release|x64 = Release|x64
		Release|x86 = Release|x86
	EndGlobalSection
	GlobalSection(ProjectConfigurationPlatforms) = postSolution
		{EEBCC76D-B57B-4A6C-BFB0-31AF6BC768EF}.Debug|x64.ActiveCfg = Debug|x64
		{EEBCC76D-B57B-4A6C-BFB0-31AF6BC768EF}.Debug|x64.Build.0 = Debug|x64
		{EEBCC76D-B57B-4A6C-BFB0-31AF6BC768EF}.Debug|x86.ActiveCfg = Debug|Win32
		{EEBCC76D-B57B-4A6C-BFB0-31AF6BC768EF}.Debug|x86.Build.0 = Debug|Win32
		{EEBCC76D-B57B-4A6C-BFB0-31AF6BC768EF}.Release|x64.ActiveCfg = Release|x64
		{EEBCC76D-B57B-4A6C-BFB0-31AF6BC768EF}.Release|x64.Build.0 = Release|x64
		{EEBCC76D-B57B-4A6C-BFB0-31AF6BC768EF}.Release|x86.ActiveCfg = Release|Win32
		{EEBCC76D-B57B-4A6C-BFB0-31AF6BC768EF}.Release|x86.Build.0 = Release|Win32
	EndGlobalSection
	GlobalSection(SolutionProperties) = preSolution
		HideSolutionNode = FALSE
	EndGlobalSection
	GlobalSection(ExtensibilityGlobals) = postSolution
		SolutionGuid = {C4AB7E94-DF7C-46F3-BBE8-AC774DC2F88F}
	EndGlobalSection
EndGlobal
